// !$*UTF8*$!
{
	archiveVersion = 1;
	classes = {
	};
	objectVersion = 50;
	objects = {

/* Begin PBXBuildFile section */
		EA89198820BD4DD10018AC63 /* AppDelegate.swift in Sources */ = {isa = PBXBuildFile; fileRef = EA89198720BD4DD10018AC63 /* AppDelegate.swift */; };
		EA89198A20BD4DD10018AC63 /* art.scnassets in Resources */ = {isa = PBXBuildFile; fileRef = EA89198920BD4DD10018AC63 /* art.scnassets */; };
		EA89198C20BD4DD10018AC63 /* ViewController.swift in Sources */ = {isa = PBXBuildFile; fileRef = EA89198B20BD4DD10018AC63 /* ViewController.swift */; };
		EA89198F20BD4DD10018AC63 /* Main.storyboard in Resources */ = {isa = PBXBuildFile; fileRef = EA89198D20BD4DD10018AC63 /* Main.storyboard */; };
		EA89199120BD4DD30018AC63 /* Assets.xcassets in Resources */ = {isa = PBXBuildFile; fileRef = EA89199020BD4DD30018AC63 /* Assets.xcassets */; };
		EA89199420BD4DD30018AC63 /* LaunchScreen.storyboard in Resources */ = {isa = PBXBuildFile; fileRef = EA89199220BD4DD30018AC63 /* LaunchScreen.storyboard */; };
/* End PBXBuildFile section */

/* Begin PBXFileReference section */
		EA89198420BD4DD10018AC63 /* InteractiveAR_ARKitDemo.app */ = {isa = PBXFileReference; explicitFileType = wrapper.application; includeInIndex = 0; path = InteractiveAR_ARKitDemo.app; sourceTree = BUILT_PRODUCTS_DIR; };
		EA89198720BD4DD10018AC63 /* AppDelegate.swift */ = {isa = PBXFileReference; lastKnownFileType = sourcecode.swift; path = AppDelegate.swift; sourceTree = "<group>"; };
		EA89198920BD4DD10018AC63 /* art.scnassets */ = {isa = PBXFileReference; lastKnownFileType = wrapper.scnassets; path = art.scnassets; sourceTree = "<group>"; };
		EA89198B20BD4DD10018AC63 /* ViewController.swift */ = {isa = PBXFileReference; lastKnownFileType = sourcecode.swift; path = ViewController.swift; sourceTree = "<group>"; };
		EA89198E20BD4DD10018AC63 /* Base */ = {isa = PBXFileReference; lastKnownFileType = file.storyboard; name = Base; path = Base.lproj/Main.storyboard; sourceTree = "<group>"; };
		EA89199020BD4DD30018AC63 /* Assets.xcassets */ = {isa = PBXFileReference; lastKnownFileType = folder.assetcatalog; path = Assets.xcassets; sourceTree = "<group>"; };
		EA89199320BD4DD30018AC63 /* Base */ = {isa = PBXFileReference; lastKnownFileType = file.storyboard; name = Base; path = Base.lproj/LaunchScreen.storyboard; sourceTree = "<group>"; };
		EA89199520BD4DD30018AC63 /* Info.plist */ = {isa = PBXFileReference; lastKnownFileType = text.plist.xml; path = Info.plist; sourceTree = "<group>"; };
/* End PBXFileReference section */

/* Begin PBXFrameworksBuildPhase section */
		EA89198120BD4DD10018AC63 /* Frameworks */ = {
			isa = PBXFrameworksBuildPhase;
			buildActionMask = 2147483647;
			files = (
			);
			runOnlyForDeploymentPostprocessing = 0;
		};
/* End PBXFrameworksBuildPhase section */

/* Begin PBXGroup section */
		EA89197B20BD4DD10018AC63 = {
			isa = PBXGroup;
			children = (
				EA89198620BD4DD10018AC63 /* InteractiveAR_ARKitDemo */,
				EA89198520BD4DD10018AC63 /* Products */,
			);
			sourceTree = "<group>";
		};
		EA89198520BD4DD10018AC63 /* Products */ = {
			isa = PBXGroup;
			children = (
				EA89198420BD4DD10018AC63 /* InteractiveAR_ARKitDemo.app */,
			);
			name = Products;
			sourceTree = "<group>";
		};
		EA89198620BD4DD10018AC63 /* InteractiveAR_ARKitDemo */ = {
			isa = PBXGroup;
			children = (
				EA89198720BD4DD10018AC63 /* AppDelegate.swift */,
				EA89198B20BD4DD10018AC63 /* ViewController.swift */,
				EA89198920BD4DD10018AC63 /* art.scnassets */,
				EA89198D20BD4DD10018AC63 /* Main.storyboard */,
				EA89199020BD4DD30018AC63 /* Assets.xcassets */,
				EA89199220BD4DD30018AC63 /* LaunchScreen.storyboard */,
				EA89199520BD4DD30018AC63 /* Info.plist */,
			);
			path = InteractiveAR_ARKitDemo;
			sourceTree = "<group>";
		};
/* End PBXGroup section */

/* Begin PBXNativeTarget section */
		EA89198320BD4DD10018AC63 /* InteractiveAR_ARKitDemo */ = {
			isa = PBXNativeTarget;
			buildConfigurationList = EA89199820BD4DD30018AC63 /* Build configuration list for PBXNativeTarget "InteractiveAR_ARKitDemo" */;
			buildPhases = (
				EA89198020BD4DD10018AC63 /* Sources */,
				EA89198120BD4DD10018AC63 /* Frameworks */,
				EA89198220BD4DD10018AC63 /* Resources */,
			);
			buildRules = (
			);
			dependencies = (
			);
			name = InteractiveAR_ARKitDemo;
			productName = InteractiveAR_ARKitDemo;
			productReference = EA89198420BD4DD10018AC63 /* InteractiveAR_ARKitDemo.app */;
			productType = "com.apple.product-type.application";
		};
/* End PBXNativeTarget section */

/* Begin PBXProject section */
		EA89197C20BD4DD10018AC63 /* Project object */ = {
			isa = PBXProject;
			attributes = {
				LastSwiftUpdateCheck = 0930;
				LastUpgradeCheck = 0930;
				ORGANIZATIONNAME = "Hem Sharma";
				TargetAttributes = {
					EA89198320BD4DD10018AC63 = {
						CreatedOnToolsVersion = 9.3.1;
					};
				};
			};
			buildConfigurationList = EA89197F20BD4DD10018AC63 /* Build configuration list for PBXProject "InteractiveAR_ARKitDemo" */;
			compatibilityVersion = "Xcode 9.3";
			developmentRegion = en;
			hasScannedForEncodings = 0;
			knownRegions = (
				en,
				Base,
			);
			mainGroup = EA89197B20BD4DD10018AC63;
			productRefGroup = EA89198520BD4DD10018AC63 /* Products */;
			projectDirPath = "";
			projectRoot = "";
			targets = (
				EA89198320BD4DD10018AC63 /* InteractiveAR_ARKitDemo */,
			);
		};
/* End PBXProject section */

/* Begin PBXResourcesBuildPhase section */
		EA89198220BD4DD10018AC63 /* Resources */ = {
			isa = PBXResourcesBuildPhase;
			buildActionMask = 2147483647;
			files = (
				EA89198A20BD4DD10018AC63 /* art.scnassets in Resources */,
				EA89199420BD4DD30018AC63 /* LaunchScreen.storyboard in Resources */,
				EA89199120BD4DD30018AC63 /* Assets.xcassets in Resources */,
				EA89198F20BD4DD10018AC63 /* Main.storyboard in Resources */,
			);
			runOnlyForDeploymentPostprocessing = 0;
		};
/* End PBXResourcesBuildPhase section */

/* Begin PBXSourcesBuildPhase section */
		EA89198020BD4DD10018AC63 /* Sources */ = {
			isa = PBXSourcesBuildPhase;
			buildActionMask = 2147483647;
			files = (
				EA89198C20BD4DD10018AC63 /* ViewController.swift in Sources */,
				EA89198820BD4DD10018AC63 /* AppDelegate.swift in Sources */,
			);
			runOnlyForDeploymentPostprocessing = 0;
		};
/* End PBXSourcesBuildPhase section */

/* Begin PBXVariantGroup section */
		EA89198D20BD4DD10018AC63 /* Main.storyboard */ = {
			isa = PBXVariantGroup;
			children = (
				EA89198E20BD4DD10018AC63 /* Base */,
			);
			name = Main.storyboard;
			sourceTree = "<group>";
		};
		EA89199220BD4DD30018AC63 /* LaunchScreen.storyboard */ = {
			isa = PBXVariantGroup;
			children = (
				EA89199320BD4DD30018AC63 /* Base */,
			);
			name = LaunchScreen.storyboard;
			sourceTree = "<group>";
		};
/* End PBXVariantGroup section */

/* Begin XCBuildConfiguration section */
		EA89199620BD4DD30018AC63 /* Debug */ = {
			isa = XCBuildConfiguration;
			buildSettings = {
				ALWAYS_SEARCH_USER_PATHS = NO;
				CLANG_ANALYZER_NONNULL = YES;
				CLANG_ANALYZER_NUMBER_OBJECT_CONVERSION = YES_AGGRESSIVE;
				CLANG_CXX_LANGUAGE_STANDARD = "gnu++14";
				CLANG_CXX_LIBRARY = "libc++";
				CLANG_ENABLE_MODULES = YES;
				CLANG_ENABLE_OBJC_ARC = YES;
				CLANG_ENABLE_OBJC_WEAK = YES;
				CLANG_WARN_BLOCK_CAPTURE_AUTORELEASING = YES;
				CLANG_WARN_BOOL_CONVERSION = YES;
				CLANG_WARN_COMMA = YES;
				CLANG_WARN_CONSTANT_CONVERSION = YES;
				CLANG_WARN_DEPRECATED_OBJC_IMPLEMENTATIONS = YES;
				CLANG_WARN_DIRECT_OBJC_ISA_USAGE = YES_ERROR;
				CLANG_WARN_DOCUMENTATION_COMMENTS = YES;
				CLANG_WARN_EMPTY_BODY = YES;
				CLANG_WARN_ENUM_CONVERSION = YES;
				CLANG_WARN_INFINITE_RECURSION = YES;
				CLANG_WARN_INT_CONVERSION = YES;
				CLANG_WARN_NON_LITERAL_NULL_CONVERSION = YES;
				CLANG_WARN_OBJC_IMPLICIT_RETAIN_SELF = YES;
				CLANG_WARN_OBJC_LITERAL_CONVERSION = YES;
				CLANG_WARN_OBJC_ROOT_CLASS = YES_ERROR;
				CLANG_WARN_RANGE_LOOP_ANALYSIS = YES;
				CLANG_WARN_STRICT_PROTOTYPES = YES;
				CLANG_WARN_SUSPICIOUS_MOVE = YES;
				CLANG_WARN_UNGUARDED_AVAILABILITY = YES_AGGRESSIVE;
				CLANG_WARN_UNREACHABLE_CODE = YES;
				CLANG_WARN__DUPLICATE_METHOD_MATCH = YES;
				CODE_SIGN_IDENTITY = "iPhone Developer";
				COPY_PHASE_STRIP = NO;
				DEBUG_INFORMATION_FORMAT = dwarf;
				ENABLE_STRICT_OBJC_MSGSEND = YES;
				ENABLE_TESTABILITY = YES;
				GCC_C_LANGUAGE_STANDARD = gnu11;
				GCC_DYNAMIC_NO_PIC = NO;
				GCC_NO_COMMON_BLOCKS = YES;
				GCC_OPTIMIZATION_LEVEL = 0;
				GCC_PREPROCESSOR_DEFINITIONS = (
					"DEBUG=1",
					"$(inherited)",
				);
				GCC_WARN_64_TO_32_BIT_CONVERSION = YES;
				GCC_WARN_ABOUT_RETURN_TYPE = YES_ERROR;
				GCC_WARN_UNDECLARED_SELECTOR = YES;
				GCC_WARN_UNINITIALIZED_AUTOS = YES_AGGRESSIVE;
				GCC_WARN_UNUSED_FUNCTION = YES;
				GCC_WARN_UNUSED_VARIABLE = YES;
				IPHONEOS_DEPLOYMENT_TARGET = 11.3;
				MTL_ENABLE_DEBUG_INFO = YES;
				ONLY_ACTIVE_ARCH = YES;
				SDKROOT = iphoneos;
				SWIFT_ACTIVE_COMPILATION_CONDITIONS = DEBUG;
				SWIFT_OPTIMIZATION_LEVEL = "-Onone";
			};
			name = Debug;
		};
		EA89199720BD4DD30018AC63 /* Release */ = {
			isa = XCBuildConfiguration;
			buildSettings = {
				ALWAYS_SEARCH_USER_PATHS = NO;
				CLANG_ANALYZER_NONNULL = YES;
				CLANG_ANALYZER_NUMBER_OBJECT_CONVERSION = YES_AGGRESSIVE;
				CLANG_CXX_LANGUAGE_STANDARD = "gnu++14";
				CLANG_CXX_LIBRARY = "libc++";
				CLANG_ENABLE_MODULES = YES;
				CLANG_ENABLE_OBJC_ARC = YES;
				CLANG_ENABLE_OBJC_WEAK = YES;
				CLANG_WARN_BLOCK_CAPTURE_AUTORELEASING = YES;
				CLANG_WARN_BOOL_CONVERSION = YES;
				CLANG_WARN_COMMA = YES;
				CLANG_WARN_CONSTANT_CONVERSION = YES;
				CLANG_WARN_DEPRECATED_OBJC_IMPLEMENTATIONS = YES;
				CLANG_WARN_DIRECT_OBJC_ISA_USAGE = YES_ERROR;
				CLANG_WARN_DOCUMENTATION_COMMENTS = YES;
				CLANG_WARN_EMPTY_BODY = YES;
				CLANG_WARN_ENUM_CONVERSION = YES;
				CLANG_WARN_INFINITE_RECURSION = YES;
				CLANG_WARN_INT_CONVERSION = YES;
				CLANG_WARN_NON_LITERAL_NULL_CONVERSION = YES;
				CLANG_WARN_OBJC_IMPLICIT_RETAIN_SELF = YES;
				CLANG_WARN_OBJC_LITERAL_CONVERSION = YES;
				CLANG_WARN_OBJC_ROOT_CLASS = YES_ERROR;
				CLANG_WARN_RANGE_LOOP_ANALYSIS = YES;
				CLANG_WARN_STRICT_PROTOTYPES = YES;
				CLANG_WARN_SUSPICIOUS_MOVE = YES;
				CLANG_WARN_UNGUARDED_AVAILABILITY = YES_AGGRESSIVE;
				CLANG_WARN_UNREACHABLE_CODE = YES;
				CLANG_WARN__DUPLICATE_METHOD_MATCH = YES;
				CODE_SIGN_IDENTITY = "iPhone Developer";
				COPY_PHASE_STRIP = NO;
				DEBUG_INFORMATION_FORMAT = "dwarf-with-dsym";
				ENABLE_NS_ASSERTIONS = NO;
				ENABLE_STRICT_OBJC_MSGSEND = YES;
				GCC_C_LANGUAGE_STANDARD = gnu11;
				GCC_NO_COMMON_BLOCKS = YES;
				GCC_WARN_64_TO_32_BIT_CONVERSION = YES;
				GCC_WARN_ABOUT_RETURN_TYPE = YES_ERROR;
				GCC_WARN_UNDECLARED_SELECTOR = YES;
				GCC_WARN_UNINITIALIZED_AUTOS = YES_AGGRESSIVE;
				GCC_WARN_UNUSED_FUNCTION = YES;
				GCC_WARN_UNUSED_VARIABLE = YES;
				IPHONEOS_DEPLOYMENT_TARGET = 11.3;
				MTL_ENABLE_DEBUG_INFO = NO;
				SDKROOT = iphoneos;
				SWIFT_COMPILATION_MODE = wholemodule;
				SWIFT_OPTIMIZATION_LEVEL = "-O";
				VALIDATE_PRODUCT = YES;
			};
			name = Release;
		};
		EA89199920BD4DD30018AC63 /* Debug */ = {
			isa = XCBuildConfiguration;
			buildSettings = {
				ASSETCATALOG_COMPILER_APPICON_NAME = AppIcon;
				CODE_SIGN_IDENTITY = "iPhone Developer";
				CODE_SIGN_STYLE = Automatic;
				DEVELOPMENT_TEAM = MBX335VQ56;
				INFOPLIST_FILE = InteractiveAR_ARKitDemo/Info.plist;
				LD_RUNPATH_SEARCH_PATHS = (
					"$(inherited)",
					"@executable_path/Frameworks",
				);
				PRODUCT_BUNDLE_IDENTIFIER = "com.hemdutt.InteractiveAR-ARKitDemo";
				PRODUCT_NAME = "$(TARGET_NAME)";
				PROVISIONING_PROFILE_SPECIFIER = "";
				SWIFT_VERSION = 4.0;
				TARGETED_DEVICE_FAMILY = "1,2";
			};
			name = Debug;
		};
		EA89199A20BD4DD30018AC63 /* Release */ = {
			isa = XCBuildConfiguration;
			buildSettings = {
				ASSETCATALOG_COMPILER_APPICON_NAME = AppIcon;
				CODE_SIGN_IDENTITY = "iPhone Developer";
				CODE_SIGN_STYLE = Automatic;
				DEVELOPMENT_TEAM = MBX335VQ56;
				INFOPLIST_FILE = InteractiveAR_ARKitDemo/Info.plist;
				LD_RUNPATH_SEARCH_PATHS = (
					"$(inherited)",
					"@executable_path/Frameworks",
				);
				PRODUCT_BUNDLE_IDENTIFIER = "com.hemdutt.InteractiveAR-ARKitDemo";
				PRODUCT_NAME = "$(TARGET_NAME)";
				PROVISIONING_PROFILE_SPECIFIER = "";
				SWIFT_VERSION = 4.0;
				TARGETED_DEVICE_FAMILY = "1,2";
			};
			name = Release;
		};
/* End XCBuildConfiguration section */

/* Begin XCConfigurationList section */
		EA89197F20BD4DD10018AC63 /* Build configuration list for PBXProject "InteractiveAR_ARKitDemo" */ = {
			isa = XCConfigurationList;
			buildConfigurations = (
				EA89199620BD4DD30018AC63 /* Debug */,
				EA89199720BD4DD30018AC63 /* Release */,
			);
			defaultConfigurationIsVisible = 0;
			defaultConfigurationName = Release;
		};
		EA89199820BD4DD30018AC63 /* Build configuration list for PBXNativeTarget "InteractiveAR_ARKitDemo" */ = {
			isa = XCConfigurationList;
			buildConfigurations = (
				EA89199920BD4DD30018AC63 /* Debug */,
				EA89199A20BD4DD30018AC63 /* Release */,
			);
			defaultConfigurationIsVisible = 0;
			defaultConfigurationName = Release;
		};
/* End XCConfigurationList section */
	};
	rootObject = EA89197C20BD4DD10018AC63 /* Project object */;
}
